# This file is autogenerated, do not edit; changes may be undone by the next 'dep ensure'.


[[projects]]
  name = "github.com/emirpasic/gods"
  packages = [
    "containers",
    "lists",
    "lists/arraylist",
    "lists/singlylinkedlist",
    "stacks",
    "stacks/linkedliststack",
    "utils"
  ]
  revision = "f6c17b524822278a87e3b3bd809fec33b51f5b46"
  version = "v1.9.0"

[solve-meta]
  analyzer-name = "dep"
  analyzer-version = 1
  inputs-digest = "b20ef5354f09c74f0f84f3d119cf367867f282008cb9ab84f677a26b9f1cf9d6"
  solver-name = "gps-cdcl"
  solver-version = 1
